// !$*UTF8*$!
{
	archiveVersion = 1;
	classes = {
	};
	objectVersion = 46;
	objects = {

/* Begin PBXBuildFile section */
		BF8452751B1E3FBD00A332D1 /* main.m in Sources */ = {isa = PBXBuildFile; fileRef = BF8452741B1E3FBD00A332D1 /* main.m */; };
		BF8452781B1E3FBD00A332D1 /* AppDelegate.m in Sources */ = {isa = PBXBuildFile; fileRef = BF8452771B1E3FBD00A332D1 /* AppDelegate.m */; };
		BF84527B1B1E3FBD00A332D1 /* ViewController.m in Sources */ = {isa = PBXBuildFile; fileRef = BF84527A1B1E3FBD00A332D1 /* ViewController.m */; };
		BF84527E1B1E3FBD00A332D1 /* Main.storyboard in Resources */ = {isa = PBXBuildFile; fileRef = BF84527C1B1E3FBD00A332D1 /* Main.storyboard */; };
		BF8452801B1E3FBD00A332D1 /* Images.xcassets in Resources */ = {isa = PBXBuildFile; fileRef = BF84527F1B1E3FBD00A332D1 /* Images.xcassets */; };
		BF8452831B1E3FBD00A332D1 /* LaunchScreen.xib in Resources */ = {isa = PBXBuildFile; fileRef = BF8452811B1E3FBD00A332D1 /* LaunchScreen.xib */; };
		BF84528F1B1E3FBD00A332D1 /* GameOfThronesTests.m in Sources */ = {isa = PBXBuildFile; fileRef = BF84528E1B1E3FBD00A332D1 /* GameOfThronesTests.m */; };
/* End PBXBuildFile section */

/* Begin PBXContainerItemProxy section */
		BF8452891B1E3FBD00A332D1 /* PBXContainerItemProxy */ = {
			isa = PBXContainerItemProxy;
			containerPortal = BF8452671B1E3FBD00A332D1 /* Project object */;
			proxyType = 1;
			remoteGlobalIDString = BF84526E1B1E3FBD00A332D1;
			remoteInfo = GameOfThrones;
		};
/* End PBXContainerItemProxy section */

/* Begin PBXFileReference section */
		BF84526F1B1E3FBD00A332D1 /* GameOfThrones.app */ = {isa = PBXFileReference; explicitFileType = wrapper.application; includeInIndex = 0; path = GameOfThrones.app; sourceTree = BUILT_PRODUCTS_DIR; };
		BF8452731B1E3FBD00A332D1 /* Info.plist */ = {isa = PBXFileReference; lastKnownFileType = text.plist.xml; path = Info.plist; sourceTree = "<group>"; };
		BF8452741B1E3FBD00A332D1 /* main.m */ = {isa = PBXFileReference; lastKnownFileType = sourcecode.c.objc; path = main.m; sourceTree = "<group>"; };
		BF8452761B1E3FBD00A332D1 /* AppDelegate.h */ = {isa = PBXFileReference; lastKnownFileType = sourcecode.c.h; path = AppDelegate.h; sourceTree = "<group>"; };
		BF8452771B1E3FBD00A332D1 /* AppDelegate.m */ = {isa = PBXFileReference; lastKnownFileType = sourcecode.c.objc; path = AppDelegate.m; sourceTree = "<group>"; };
		BF8452791B1E3FBD00A332D1 /* ViewController.h */ = {isa = PBXFileReference; lastKnownFileType = sourcecode.c.h; path = ViewController.h; sourceTree = "<group>"; };
		BF84527A1B1E3FBD00A332D1 /* ViewController.m */ = {isa = PBXFileReference; lastKnownFileType = sourcecode.c.objc; path = ViewController.m; sourceTree = "<group>"; };
		BF84527D1B1E3FBD00A332D1 /* Base */ = {isa = PBXFileReference; lastKnownFileType = file.storyboard; name = Base; path = Base.lproj/Main.storyboard; sourceTree = "<group>"; };
		BF84527F1B1E3FBD00A332D1 /* Images.xcassets */ = {isa = PBXFileReference; lastKnownFileType = folder.assetcatalog; path = Images.xcassets; sourceTree = "<group>"; };
		BF8452821B1E3FBD00A332D1 /* Base */ = {isa = PBXFileReference; lastKnownFileType = file.xib; name = Base; path = Base.lproj/LaunchScreen.xib; sourceTree = "<group>"; };
		BF8452881B1E3FBD00A332D1 /* GameOfThronesTests.xctest */ = {isa = PBXFileReference; explicitFileType = wrapper.cfbundle; includeInIndex = 0; path = GameOfThronesTests.xctest; sourceTree = BUILT_PRODUCTS_DIR; };
		BF84528D1B1E3FBD00A332D1 /* Info.plist */ = {isa = PBXFileReference; lastKnownFileType = text.plist.xml; path = Info.plist; sourceTree = "<group>"; };
		BF84528E1B1E3FBD00A332D1 /* GameOfThronesTests.m */ = {isa = PBXFileReference; lastKnownFileType = sourcecode.c.objc; path = GameOfThronesTests.m; sourceTree = "<group>"; };
/* End PBXFileReference section */

/* Begin PBXFrameworksBuildPhase section */
		BF84526C1B1E3FBD00A332D1 /* Frameworks */ = {
			isa = PBXFrameworksBuildPhase;
			buildActionMask = 2147483647;
			files = (
			);
			runOnlyForDeploymentPostprocessing = 0;
		};
		BF8452851B1E3FBD00A332D1 /* Frameworks */ = {
			isa = PBXFrameworksBuildPhase;
			buildActionMask = 2147483647;
			files = (
			);
			runOnlyForDeploymentPostprocessing = 0;
		};
/* End PBXFrameworksBuildPhase section */

/* Begin PBXGroup section */
		BF8452661B1E3FBD00A332D1 = {
			isa = PBXGroup;
			children = (
				BF8452711B1E3FBD00A332D1 /* GameOfThrones */,
				BF84528B1B1E3FBD00A332D1 /* GameOfThronesTests */,
				BF8452701B1E3FBD00A332D1 /* Products */,
			);
			sourceTree = "<group>";
		};
		BF8452701B1E3FBD00A332D1 /* Products */ = {
			isa = PBXGroup;
			children = (
				BF84526F1B1E3FBD00A332D1 /* GameOfThrones.app */,
				BF8452881B1E3FBD00A332D1 /* GameOfThronesTests.xctest */,
			);
			name = Products;
			sourceTree = "<group>";
		};
		BF8452711B1E3FBD00A332D1 /* GameOfThrones */ = {
			isa = PBXGroup;
			children = (
				BF8452761B1E3FBD00A332D1 /* AppDelegate.h */,
				BF8452771B1E3FBD00A332D1 /* AppDelegate.m */,
				BF8452791B1E3FBD00A332D1 /* ViewController.h */,
				BF84527A1B1E3FBD00A332D1 /* ViewController.m */,
				BF84527C1B1E3FBD00A332D1 /* Main.storyboard */,
				BF84527F1B1E3FBD00A332D1 /* Images.xcassets */,
				BF8452811B1E3FBD00A332D1 /* LaunchScreen.xib */,
				BF8452721B1E3FBD00A332D1 /* Supporting Files */,
			);
			path = GameOfThrones;
			sourceTree = "<group>";
		};
		BF8452721B1E3FBD00A332D1 /* Supporting Files */ = {
			isa = PBXGroup;
			children = (
				BF8452731B1E3FBD00A332D1 /* Info.plist */,
				BF8452741B1E3FBD00A332D1 /* main.m */,
			);
			name = "Supporting Files";
			sourceTree = "<group>";
		};
		BF84528B1B1E3FBD00A332D1 /* GameOfThronesTests */ = {
			isa = PBXGroup;
			children = (
				BF84528E1B1E3FBD00A332D1 /* GameOfThronesTests.m */,
				BF84528C1B1E3FBD00A332D1 /* Supporting Files */,
			);
			path = GameOfThronesTests;
			sourceTree = "<group>";
		};
		BF84528C1B1E3FBD00A332D1 /* Supporting Files */ = {
			isa = PBXGroup;
			children = (
				BF84528D1B1E3FBD00A332D1 /* Info.plist */,
			);
			name = "Supporting Files";
			sourceTree = "<group>";
		};
/* End PBXGroup section */

/* Begin PBXNativeTarget section */
		BF84526E1B1E3FBD00A332D1 /* GameOfThrones */ = {
			isa = PBXNativeTarget;
			buildConfigurationList = BF8452921B1E3FBD00A332D1 /* Build configuration list for PBXNativeTarget "GameOfThrones" */;
			buildPhases = (
				BF84526B1B1E3FBD00A332D1 /* Sources */,
				BF84526C1B1E3FBD00A332D1 /* Frameworks */,
				BF84526D1B1E3FBD00A332D1 /* Resources */,
			);
			buildRules = (
			);
			dependencies = (
			);
			name = GameOfThrones;
			productName = GameOfThrones;
			productReference = BF84526F1B1E3FBD00A332D1 /* GameOfThrones.app */;
			productType = "com.apple.product-type.application";
		};
		BF8452871B1E3FBD00A332D1 /* GameOfThronesTests */ = {
			isa = PBXNativeTarget;
			buildConfigurationList = BF8452951B1E3FBD00A332D1 /* Build configuration list for PBXNativeTarget "GameOfThronesTests" */;
			buildPhases = (
				BF8452841B1E3FBD00A332D1 /* Sources */,
				BF8452851B1E3FBD00A332D1 /* Frameworks */,
				BF8452861B1E3FBD00A332D1 /* Resources */,
			);
			buildRules = (
			);
			dependencies = (
				BF84528A1B1E3FBD00A332D1 /* PBXTargetDependency */,
			);
			name = GameOfThronesTests;
			productName = GameOfThronesTests;
			productReference = BF8452881B1E3FBD00A332D1 /* GameOfThronesTests.xctest */;
			productType = "com.apple.product-type.bundle.unit-test";
		};
/* End PBXNativeTarget section */

/* Begin PBXProject section */
		BF8452671B1E3FBD00A332D1 /* Project object */ = {
			isa = PBXProject;
			attributes = {
				LastUpgradeCheck = 0630;
				ORGANIZATIONNAME = "Tom Carmona";
				TargetAttributes = {
					BF84526E1B1E3FBD00A332D1 = {
						CreatedOnToolsVersion = 6.3;
					};
					BF8452871B1E3FBD00A332D1 = {
						CreatedOnToolsVersion = 6.3;
						TestTargetID = BF84526E1B1E3FBD00A332D1;
					};
				};
			};
			buildConfigurationList = BF84526A1B1E3FBD00A332D1 /* Build configuration list for PBXProject "GameOfThrones" */;
			compatibilityVersion = "Xcode 3.2";
			developmentRegion = English;
			hasScannedForEncodings = 0;
			knownRegions = (
				en,
				Base,
			);
			mainGroup = BF8452661B1E3FBD00A332D1;
			productRefGroup = BF8452701B1E3FBD00A332D1 /* Products */;
			projectDirPath = "";
			projectRoot = "";
			targets = (
				BF84526E1B1E3FBD00A332D1 /* GameOfThrones */,
				BF8452871B1E3FBD00A332D1 /* GameOfThronesTests */,
			);
		};
/* End PBXProject section */

/* Begin PBXResourcesBuildPhase section */
		BF84526D1B1E3FBD00A332D1 /* Resources */ = {
			isa = PBXResourcesBuildPhase;
			buildActionMask = 2147483647;
			files = (
				BF84527E1B1E3FBD00A332D1 /* Main.storyboard in Resources */,
				BF8452831B1E3FBD00A332D1 /* LaunchScreen.xib in Resources */,
				BF8452801B1E3FBD00A332D1 /* Images.xcassets in Resources */,
			);
			runOnlyForDeploymentPostprocessing = 0;
		};
		BF8452861B1E3FBD00A332D1 /* Resources */ = {
			isa = PBXResourcesBuildPhase;
			buildActionMask = 2147483647;
			files = (
			);
			runOnlyForDeploymentPostprocessing = 0;
		};
/* End PBXResourcesBuildPhase section */

/* Begin PBXSourcesBuildPhase section */
		BF84526B1B1E3FBD00A332D1 /* Sources */ = {
			isa = PBXSourcesBuildPhase;
			buildActionMask = 2147483647;
			files = (
				BF84527B1B1E3FBD00A332D1 /* ViewController.m in Sources */,
				BF8452781B1E3FBD00A332D1 /* AppDelegate.m in Sources */,
				BF8452751B1E3FBD00A332D1 /* main.m in Sources */,
			);
			runOnlyForDeploymentPostprocessing = 0;
		};
		BF8452841B1E3FBD00A332D1 /* Sources */ = {
			isa = PBXSourcesBuildPhase;
			buildActionMask = 2147483647;
			files = (
				BF84528F1B1E3FBD00A332D1 /* GameOfThronesTests.m in Sources */,
			);
			runOnlyForDeploymentPostprocessing = 0;
		};
/* End PBXSourcesBuildPhase section */

/* Begin PBXTargetDependency section */
		BF84528A1B1E3FBD00A332D1 /* PBXTargetDependency */ = {
			isa = PBXTargetDependency;
			target = BF84526E1B1E3FBD00A332D1 /* GameOfThrones */;
			targetProxy = BF8452891B1E3FBD00A332D1 /* PBXContainerItemProxy */;
		};
/* End PBXTargetDependency section */

/* Begin PBXVariantGroup section */
		BF84527C1B1E3FBD00A332D1 /* Main.storyboard */ = {
			isa = PBXVariantGroup;
			children = (
				BF84527D1B1E3FBD00A332D1 /* Base */,
			);
			name = Main.storyboard;
			sourceTree = "<group>";
		};
		BF8452811B1E3FBD00A332D1 /* LaunchScreen.xib */ = {
			isa = PBXVariantGroup;
			children = (
				BF8452821B1E3FBD00A332D1 /* Base */,
			);
			name = LaunchScreen.xib;
			sourceTree = "<group>";
		};
/* End PBXVariantGroup section */

/* Begin XCBuildConfiguration section */
		BF8452901B1E3FBD00A332D1 /* Debug */ = {
			isa = XCBuildConfiguration;
			buildSettings = {
				ALWAYS_SEARCH_USER_PATHS = NO;
				CLANG_CXX_LANGUAGE_STANDARD = "gnu++0x";
				CLANG_CXX_LIBRARY = "libc++";
				CLANG_ENABLE_MODULES = YES;
				CLANG_ENABLE_OBJC_ARC = YES;
				CLANG_WARN_BOOL_CONVERSION = YES;
				CLANG_WARN_CONSTANT_CONVERSION = YES;
				CLANG_WARN_DIRECT_OBJC_ISA_USAGE = YES_ERROR;
				CLANG_WARN_EMPTY_BODY = YES;
				CLANG_WARN_ENUM_CONVERSION = YES;
				CLANG_WARN_INT_CONVERSION = YES;
				CLANG_WARN_OBJC_ROOT_CLASS = YES_ERROR;
				CLANG_WARN_UNREACHABLE_CODE = YES;
				CLANG_WARN__DUPLICATE_METHOD_MATCH = YES;
				"CODE_SIGN_IDENTITY[sdk=iphoneos*]" = "iPhone Developer";
				COPY_PHASE_STRIP = NO;
				DEBUG_INFORMATION_FORMAT = "dwarf-with-dsym";
				ENABLE_STRICT_OBJC_MSGSEND = YES;
				GCC_C_LANGUAGE_STANDARD = gnu99;
				GCC_DYNAMIC_NO_PIC = NO;
				GCC_NO_COMMON_BLOCKS = YES;
				GCC_OPTIMIZATION_LEVEL = 0;
				GCC_PREPROCESSOR_DEFINITIONS = (
					"DEBUG=1",
					"$(inherited)",
				);
				GCC_SYMBOLS_PRIVATE_EXTERN = NO;
				GCC_WARN_64_TO_32_BIT_CONVERSION = YES;
				GCC_WARN_ABOUT_RETURN_TYPE = YES_ERROR;
				GCC_WARN_UNDECLARED_SELECTOR = YES;
				GCC_WARN_UNINITIALIZED_AUTOS = YES_AGGRESSIVE;
				GCC_WARN_UNUSED_FUNCTION = YES;
				GCC_WARN_UNUSED_VARIABLE = YES;
				IPHONEOS_DEPLOYMENT_TARGET = 8.3;
				MTL_ENABLE_DEBUG_INFO = YES;
				ONLY_ACTIVE_ARCH = YES;
				SDKROOT = iphoneos;
			};
			name = Debug;
		};
		BF8452911B1E3FBD00A332D1 /* Release */ = {
			isa = XCBuildConfiguration;
			buildSettings = {
				ALWAYS_SEARCH_USER_PATHS = NO;
				CLANG_CXX_LANGUAGE_STANDARD = "gnu++0x";
				CLANG_CXX_LIBRARY = "libc++";
				CLANG_ENABLE_MODULES = YES;
				CLANG_ENABLE_OBJC_ARC = YES;
				CLANG_WARN_BOOL_CONVERSION = YES;
				CLANG_WARN_CONSTANT_CONVERSION = YES;
				CLANG_WARN_DIRECT_OBJC_ISA_USAGE = YES_ERROR;
				CLANG_WARN_EMPTY_BODY = YES;
				CLANG_WARN_ENUM_CONVERSION = YES;
				CLANG_WARN_INT_CONVERSION = YES;
				CLANG_WARN_OBJC_ROOT_CLASS = YES_ERROR;
				CLANG_WARN_UNREACHABLE_CODE = YES;
				CLANG_WARN__DUPLICATE_METHOD_MATCH = YES;
				"CODE_SIGN_IDENTITY[sdk=iphoneos*]" = "iPhone Developer";
				COPY_PHASE_STRIP = NO;
				DEBUG_INFORMATION_FORMAT = "dwarf-with-dsym";
				ENABLE_NS_ASSERTIONS = NO;
				ENABLE_STRICT_OBJC_MSGSEND = YES;
				GCC_C_LANGUAGE_STANDARD = gnu99;
				GCC_NO_COMMON_BLOCKS = YES;
				GCC_WARN_64_TO_32_BIT_CONVERSION = YES;
				GCC_WARN_ABOUT_RETURN_TYPE = YES_ERROR;
				GCC_WARN_UNDECLARED_SELECTOR = YES;
				GCC_WARN_UNINITIALIZED_AUTOS = YES_AGGRESSIVE;
				GCC_WARN_UNUSED_FUNCTION = YES;
				GCC_WARN_UNUSED_VARIABLE = YES;
				IPHONEOS_DEPLOYMENT_TARGET = 8.3;
				MTL_ENABLE_DEBUG_INFO = NO;
				SDKROOT = iphoneos;
				VALIDATE_PRODUCT = YES;
			};
			name = Release;
		};
		BF8452931B1E3FBD00A332D1 /* Debug */ = {
			isa = XCBuildConfiguration;
			buildSettings = {
				ASSETCATALOG_COMPILER_APPICON_NAME = AppIcon;
				INFOPLIST_FILE = GameOfThrones/Info.plist;
				LD_RUNPATH_SEARCH_PATHS = "$(inherited) @executable_path/Frameworks";
				PRODUCT_NAME = "$(TARGET_NAME)";
			};
			name = Debug;
		};
		BF8452941B1E3FBD00A332D1 /* Release */ = {
			isa = XCBuildConfiguration;
			buildSettings = {
				ASSETCATALOG_COMPILER_APPICON_NAME = AppIcon;
				INFOPLIST_FILE = GameOfThrones/Info.plist;
				LD_RUNPATH_SEARCH_PATHS = "$(inherited) @executable_path/Frameworks";
				PRODUCT_NAME = "$(TARGET_NAME)";
			};
			name = Release;
		};
		BF8452961B1E3FBD00A332D1 /* Debug */ = {
			isa = XCBuildConfiguration;
			buildSettings = {
				BUNDLE_LOADER = "$(TEST_HOST)";
				FRAMEWORK_SEARCH_PATHS = (
					"$(SDKROOT)/Developer/Library/Frameworks",
					"$(inherited)",
				);
				GCC_PREPROCESSOR_DEFINITIONS = (
					"DEBUG=1",
					"$(inherited)",
				);
				INFOPLIST_FILE = GameOfThronesTests/Info.plist;
				LD_RUNPATH_SEARCH_PATHS = "$(inherited) @executable_path/Frameworks @loader_path/Frameworks";
				PRODUCT_NAME = "$(TARGET_NAME)";
				TEST_HOST = "$(BUILT_PRODUCTS_DIR)/GameOfThrones.app/GameOfThrones";
			};
			name = Debug;
		};
		BF8452971B1E3FBD00A332D1 /* Release */ = {
			isa = XCBuildConfiguration;
			buildSettings = {
				BUNDLE_LOADER = "$(TEST_HOST)";
				FRAMEWORK_SEARCH_PATHS = (
					"$(SDKROOT)/Developer/Library/Frameworks",
					"$(inherited)",
				);
				INFOPLIST_FILE = GameOfThronesTests/Info.plist;
				LD_RUNPATH_SEARCH_PATHS = "$(inherited) @executable_path/Frameworks @loader_path/Frameworks";
				PRODUCT_NAME = "$(TARGET_NAME)";
				TEST_HOST = "$(BUILT_PRODUCTS_DIR)/GameOfThrones.app/GameOfThrones";
			};
			name = Release;
		};
/* End XCBuildConfiguration section */

/* Begin XCConfigurationList section */
		BF84526A1B1E3FBD00A332D1 /* Build configuration list for PBXProject "GameOfThrones" */ = {
			isa = XCConfigurationList;
			buildConfigurations = (
				BF8452901B1E3FBD00A332D1 /* Debug */,
				BF8452911B1E3FBD00A332D1 /* Release */,
			);
			defaultConfigurationIsVisible = 0;
			defaultConfigurationName = Release;
		};
		BF8452921B1E3FBD00A332D1 /* Build configuration list for PBXNativeTarget "GameOfThrones" */ = {
			isa = XCConfigurationList;
			buildConfigurations = (
				BF8452931B1E3FBD00A332D1 /* Debug */,
				BF8452941B1E3FBD00A332D1 /* Release */,
			);
			defaultConfigurationIsVisible = 0;
		};
		BF8452951B1E3FBD00A332D1 /* Build configuration list for PBXNativeTarget "GameOfThronesTests" */ = {
			isa = XCConfigurationList;
			buildConfigurations = (
				BF8452961B1E3FBD00A332D1 /* Debug */,
				BF8452971B1E3FBD00A332D1 /* Release */,
			);
			defaultConfigurationIsVisible = 0;
		};
/* End XCConfigurationList section */
	};
	rootObject = BF8452671B1E3FBD00A332D1 /* Project object */;
}
